
Microsoft Visual Studio Solution File, Format Version 12.00
Project("{FAE04EC0-301F-11D3-BF4B-00C04F79EFBC}") = "Workflow", "Workflow.csproj", "{F1807597-4134-4349-BF60-C3BF23C09981}"
EndProject
Project("{2150E333-8FDC-42A3-9474-1A3956D46DE8}") = "src", "src", "{DD9C9C65-5507-4831-94A5-B79F9C2F0671}"
EndProject
Project("{2150E333-8FDC-42A3-9474-1A3956D46DE8}") = "tests", "tests", "{BDC6620A-89A5-4283-A815-039971692977}"
EndProject
Global
	GlobalSection(SolutionConfigurationPlatforms) = preSolution
		Debug|Any CPU = Debug|Any CPU
		Release|Any CPU = Release|Any CPU
	EndGlobalSection
	GlobalSection(ProjectConfigurationPlatforms) = postSolution
		{F1807597-4134-4349-BF60-C3BF23C09981}.Debug|Any CPU.ActiveCfg = Debug|Any CPU
		{F1807597-4134-4349-BF60-C3BF23C09981}.Debug|Any CPU.Build.0 = Debug|Any CPU
		{F1807597-4134-4349-BF60-C3BF23C09981}.Release|Any CPU.ActiveCfg = Release|Any CPU
		{F1807597-4134-4349-BF60-C3BF23C09981}.Release|Any CPU.Build.0 = Release|Any CPU
	EndGlobalSection
	GlobalSection(NestedProjects) = preSolution
		{F1807597-4134-4349-BF60-C3BF23C09981} = {DD9C9C65-5507-4831-94A5-B79F9C2F0671}
	EndGlobalSection
EndGlobal
